// !$*UTF8*$!
{
	archiveVersion = 1;
	classes = {
	};
	objectVersion = 50;
	objects = {

/* Begin PBXBuildFile section */
		84587D8820BA0F5C00E2AEE3 /* AppDelegate.swift in Sources */ = {isa = PBXBuildFile; fileRef = 84587D8720BA0F5C00E2AEE3 /* AppDelegate.swift */; };
		84587D8A20BA0F5D00E2AEE3 /* ViewController.swift in Sources */ = {isa = PBXBuildFile; fileRef = 84587D8920BA0F5D00E2AEE3 /* ViewController.swift */; };
		84587D8D20BA0F5D00E2AEE3 /* Main.storyboard in Resources */ = {isa = PBXBuildFile; fileRef = 84587D8B20BA0F5D00E2AEE3 /* Main.storyboard */; };
		84587D8F20BA0F5D00E2AEE3 /* Assets.xcassets in Resources */ = {isa = PBXBuildFile; fileRef = 84587D8E20BA0F5D00E2AEE3 /* Assets.xcassets */; };
		84587D9220BA0F5D00E2AEE3 /* LaunchScreen.storyboard in Resources */ = {isa = PBXBuildFile; fileRef = 84587D9020BA0F5D00E2AEE3 /* LaunchScreen.storyboard */; };
		84587D9D20BA0F5D00E2AEE3 /* TestRealmTests.swift in Sources */ = {isa = PBXBuildFile; fileRef = 84587D9C20BA0F5D00E2AEE3 /* TestRealmTests.swift */; };
		84587DA820BA0F5D00E2AEE3 /* TestRealmUITests.swift in Sources */ = {isa = PBXBuildFile; fileRef = 84587DA720BA0F5D00E2AEE3 /* TestRealmUITests.swift */; };
/* End PBXBuildFile section */

/* Begin PBXContainerItemProxy section */
		84587D9920BA0F5D00E2AEE3 /* PBXContainerItemProxy */ = {
			isa = PBXContainerItemProxy;
			containerPortal = 84587D7C20BA0F5C00E2AEE3 /* Project object */;
			proxyType = 1;
			remoteGlobalIDString = 84587D8320BA0F5C00E2AEE3;
			remoteInfo = TestRealm;
		};
		84587DA420BA0F5D00E2AEE3 /* PBXContainerItemProxy */ = {
			isa = PBXContainerItemProxy;
			containerPortal = 84587D7C20BA0F5C00E2AEE3 /* Project object */;
			proxyType = 1;
			remoteGlobalIDString = 84587D8320BA0F5C00E2AEE3;
			remoteInfo = TestRealm;
		};
/* End PBXContainerItemProxy section */

/* Begin PBXFileReference section */
		84587D8420BA0F5C00E2AEE3 /* TestRealm.app */ = {isa = PBXFileReference; explicitFileType = wrapper.application; includeInIndex = 0; path = TestRealm.app; sourceTree = BUILT_PRODUCTS_DIR; };
		84587D8720BA0F5C00E2AEE3 /* AppDelegate.swift */ = {isa = PBXFileReference; lastKnownFileType = sourcecode.swift; path = AppDelegate.swift; sourceTree = "<group>"; };
		84587D8920BA0F5D00E2AEE3 /* ViewController.swift */ = {isa = PBXFileReference; lastKnownFileType = sourcecode.swift; path = ViewController.swift; sourceTree = "<group>"; };
		84587D8C20BA0F5D00E2AEE3 /* Base */ = {isa = PBXFileReference; lastKnownFileType = file.storyboard; name = Base; path = Base.lproj/Main.storyboard; sourceTree = "<group>"; };
		84587D8E20BA0F5D00E2AEE3 /* Assets.xcassets */ = {isa = PBXFileReference; lastKnownFileType = folder.assetcatalog; path = Assets.xcassets; sourceTree = "<group>"; };
		84587D9120BA0F5D00E2AEE3 /* Base */ = {isa = PBXFileReference; lastKnownFileType = file.storyboard; name = Base; path = Base.lproj/LaunchScreen.storyboard; sourceTree = "<group>"; };
		84587D9320BA0F5D00E2AEE3 /* Info.plist */ = {isa = PBXFileReference; lastKnownFileType = text.plist.xml; path = Info.plist; sourceTree = "<group>"; };
		84587D9820BA0F5D00E2AEE3 /* TestRealmTests.xctest */ = {isa = PBXFileReference; explicitFileType = wrapper.cfbundle; includeInIndex = 0; path = TestRealmTests.xctest; sourceTree = BUILT_PRODUCTS_DIR; };
		84587D9C20BA0F5D00E2AEE3 /* TestRealmTests.swift */ = {isa = PBXFileReference; lastKnownFileType = sourcecode.swift; path = TestRealmTests.swift; sourceTree = "<group>"; };
		84587D9E20BA0F5D00E2AEE3 /* Info.plist */ = {isa = PBXFileReference; lastKnownFileType = text.plist.xml; path = Info.plist; sourceTree = "<group>"; };
		84587DA320BA0F5D00E2AEE3 /* TestRealmUITests.xctest */ = {isa = PBXFileReference; explicitFileType = wrapper.cfbundle; includeInIndex = 0; path = TestRealmUITests.xctest; sourceTree = BUILT_PRODUCTS_DIR; };
		84587DA720BA0F5D00E2AEE3 /* TestRealmUITests.swift */ = {isa = PBXFileReference; lastKnownFileType = sourcecode.swift; path = TestRealmUITests.swift; sourceTree = "<group>"; };
		84587DA920BA0F5D00E2AEE3 /* Info.plist */ = {isa = PBXFileReference; lastKnownFileType = text.plist.xml; path = Info.plist; sourceTree = "<group>"; };
/* End PBXFileReference section */

/* Begin PBXFrameworksBuildPhase section */
		84587D8120BA0F5C00E2AEE3 /* Frameworks */ = {
			isa = PBXFrameworksBuildPhase;
			buildActionMask = 2147483647;
			files = (
			);
			runOnlyForDeploymentPostprocessing = 0;
		};
		84587D9520BA0F5D00E2AEE3 /* Frameworks */ = {
			isa = PBXFrameworksBuildPhase;
			buildActionMask = 2147483647;
			files = (
			);
			runOnlyForDeploymentPostprocessing = 0;
		};
		84587DA020BA0F5D00E2AEE3 /* Frameworks */ = {
			isa = PBXFrameworksBuildPhase;
			buildActionMask = 2147483647;
			files = (
			);
			runOnlyForDeploymentPostprocessing = 0;
		};
/* End PBXFrameworksBuildPhase section */

/* Begin PBXGroup section */
		84587D7B20BA0F5C00E2AEE3 = {
			isa = PBXGroup;
			children = (
				84587D8620BA0F5C00E2AEE3 /* TestRealm */,
				84587D9B20BA0F5D00E2AEE3 /* TestRealmTests */,
				84587DA620BA0F5D00E2AEE3 /* TestRealmUITests */,
				84587D8520BA0F5C00E2AEE3 /* Products */,
			);
			sourceTree = "<group>";
		};
		84587D8520BA0F5C00E2AEE3 /* Products */ = {
			isa = PBXGroup;
			children = (
				84587D8420BA0F5C00E2AEE3 /* TestRealm.app */,
				84587D9820BA0F5D00E2AEE3 /* TestRealmTests.xctest */,
				84587DA320BA0F5D00E2AEE3 /* TestRealmUITests.xctest */,
			);
			name = Products;
			sourceTree = "<group>";
		};
		84587D8620BA0F5C00E2AEE3 /* TestRealm */ = {
			isa = PBXGroup;
			children = (
				84587D8720BA0F5C00E2AEE3 /* AppDelegate.swift */,
				84587D8920BA0F5D00E2AEE3 /* ViewController.swift */,
				84587D8B20BA0F5D00E2AEE3 /* Main.storyboard */,
				84587D8E20BA0F5D00E2AEE3 /* Assets.xcassets */,
				84587D9020BA0F5D00E2AEE3 /* LaunchScreen.storyboard */,
				84587D9320BA0F5D00E2AEE3 /* Info.plist */,
			);
			path = TestRealm;
			sourceTree = "<group>";
		};
		84587D9B20BA0F5D00E2AEE3 /* TestRealmTests */ = {
			isa = PBXGroup;
			children = (
				84587D9C20BA0F5D00E2AEE3 /* TestRealmTests.swift */,
				84587D9E20BA0F5D00E2AEE3 /* Info.plist */,
			);
			path = TestRealmTests;
			sourceTree = "<group>";
		};
		84587DA620BA0F5D00E2AEE3 /* TestRealmUITests */ = {
			isa = PBXGroup;
			children = (
				84587DA720BA0F5D00E2AEE3 /* TestRealmUITests.swift */,
				84587DA920BA0F5D00E2AEE3 /* Info.plist */,
			);
			path = TestRealmUITests;
			sourceTree = "<group>";
		};
/* End PBXGroup section */

/* Begin PBXNativeTarget section */
		84587D8320BA0F5C00E2AEE3 /* TestRealm */ = {
			isa = PBXNativeTarget;
			buildConfigurationList = 84587DAC20BA0F5D00E2AEE3 /* Build configuration list for PBXNativeTarget "TestRealm" */;
			buildPhases = (
				84587D8020BA0F5C00E2AEE3 /* Sources */,
				84587D8120BA0F5C00E2AEE3 /* Frameworks */,
				84587D8220BA0F5C00E2AEE3 /* Resources */,
			);
			buildRules = (
			);
			dependencies = (
			);
			name = TestRealm;
			productName = TestRealm;
			productReference = 84587D8420BA0F5C00E2AEE3 /* TestRealm.app */;
			productType = "com.apple.product-type.application";
		};
		84587D9720BA0F5D00E2AEE3 /* TestRealmTests */ = {
			isa = PBXNativeTarget;
			buildConfigurationList = 84587DAF20BA0F5D00E2AEE3 /* Build configuration list for PBXNativeTarget "TestRealmTests" */;
			buildPhases = (
				84587D9420BA0F5D00E2AEE3 /* Sources */,
				84587D9520BA0F5D00E2AEE3 /* Frameworks */,
				84587D9620BA0F5D00E2AEE3 /* Resources */,
			);
			buildRules = (
			);
			dependencies = (
				84587D9A20BA0F5D00E2AEE3 /* PBXTargetDependency */,
			);
			name = TestRealmTests;
			productName = TestRealmTests;
			productReference = 84587D9820BA0F5D00E2AEE3 /* TestRealmTests.xctest */;
			productType = "com.apple.product-type.bundle.unit-test";
		};
		84587DA220BA0F5D00E2AEE3 /* TestRealmUITests */ = {
			isa = PBXNativeTarget;
			buildConfigurationList = 84587DB220BA0F5D00E2AEE3 /* Build configuration list for PBXNativeTarget "TestRealmUITests" */;
			buildPhases = (
				84587D9F20BA0F5D00E2AEE3 /* Sources */,
				84587DA020BA0F5D00E2AEE3 /* Frameworks */,
				84587DA120BA0F5D00E2AEE3 /* Resources */,
			);
			buildRules = (
			);
			dependencies = (
				84587DA520BA0F5D00E2AEE3 /* PBXTargetDependency */,
			);
			name = TestRealmUITests;
			productName = TestRealmUITests;
			productReference = 84587DA320BA0F5D00E2AEE3 /* TestRealmUITests.xctest */;
			productType = "com.apple.product-type.bundle.ui-testing";
		};
/* End PBXNativeTarget section */

/* Begin PBXProject section */
		84587D7C20BA0F5C00E2AEE3 /* Project object */ = {
			isa = PBXProject;
			attributes = {
				LastSwiftUpdateCheck = 0930;
				LastUpgradeCheck = 0930;
				ORGANIZATIONNAME = taka.tanaka;
				TargetAttributes = {
					84587D8320BA0F5C00E2AEE3 = {
						CreatedOnToolsVersion = 9.3.1;
					};
					84587D9720BA0F5D00E2AEE3 = {
						CreatedOnToolsVersion = 9.3.1;
						TestTargetID = 84587D8320BA0F5C00E2AEE3;
					};
					84587DA220BA0F5D00E2AEE3 = {
						CreatedOnToolsVersion = 9.3.1;
						TestTargetID = 84587D8320BA0F5C00E2AEE3;
					};
				};
			};
			buildConfigurationList = 84587D7F20BA0F5C00E2AEE3 /* Build configuration list for PBXProject "TestRealm" */;
			compatibilityVersion = "Xcode 9.3";
			developmentRegion = en;
			hasScannedForEncodings = 0;
			knownRegions = (
				en,
				Base,
			);
			mainGroup = 84587D7B20BA0F5C00E2AEE3;
			productRefGroup = 84587D8520BA0F5C00E2AEE3 /* Products */;
			projectDirPath = "";
			projectRoot = "";
			targets = (
				84587D8320BA0F5C00E2AEE3 /* TestRealm */,
				84587D9720BA0F5D00E2AEE3 /* TestRealmTests */,
				84587DA220BA0F5D00E2AEE3 /* TestRealmUITests */,
			);
		};
/* End PBXProject section */

/* Begin PBXResourcesBuildPhase section */
		84587D8220BA0F5C00E2AEE3 /* Resources */ = {
			isa = PBXResourcesBuildPhase;
			buildActionMask = 2147483647;
			files = (
				84587D9220BA0F5D00E2AEE3 /* LaunchScreen.storyboard in Resources */,
				84587D8F20BA0F5D00E2AEE3 /* Assets.xcassets in Resources */,
				84587D8D20BA0F5D00E2AEE3 /* Main.storyboard in Resources */,
			);
			runOnlyForDeploymentPostprocessing = 0;
		};
		84587D9620BA0F5D00E2AEE3 /* Resources */ = {
			isa = PBXResourcesBuildPhase;
			buildActionMask = 2147483647;
			files = (
			);
			runOnlyForDeploymentPostprocessing = 0;
		};
		84587DA120BA0F5D00E2AEE3 /* Resources */ = {
			isa = PBXResourcesBuildPhase;
			buildActionMask = 2147483647;
			files = (
			);
			runOnlyForDeploymentPostprocessing = 0;
		};
/* End PBXResourcesBuildPhase section */

/* Begin PBXSourcesBuildPhase section */
		84587D8020BA0F5C00E2AEE3 /* Sources */ = {
			isa = PBXSourcesBuildPhase;
			buildActionMask = 2147483647;
			files = (
				84587D8A20BA0F5D00E2AEE3 /* ViewController.swift in Sources */,
				84587D8820BA0F5C00E2AEE3 /* AppDelegate.swift in Sources */,
			);
			runOnlyForDeploymentPostprocessing = 0;
		};
		84587D9420BA0F5D00E2AEE3 /* Sources */ = {
			isa = PBXSourcesBuildPhase;
			buildActionMask = 2147483647;
			files = (
				84587D9D20BA0F5D00E2AEE3 /* TestRealmTests.swift in Sources */,
			);
			runOnlyForDeploymentPostprocessing = 0;
		};
		84587D9F20BA0F5D00E2AEE3 /* Sources */ = {
			isa = PBXSourcesBuildPhase;
			buildActionMask = 2147483647;
			files = (
				84587DA820BA0F5D00E2AEE3 /* TestRealmUITests.swift in Sources */,
			);
			runOnlyForDeploymentPostprocessing = 0;
		};
/* End PBXSourcesBuildPhase section */

/* Begin PBXTargetDependency section */
		84587D9A20BA0F5D00E2AEE3 /* PBXTargetDependency */ = {
			isa = PBXTargetDependency;
			target = 84587D8320BA0F5C00E2AEE3 /* TestRealm */;
			targetProxy = 84587D9920BA0F5D00E2AEE3 /* PBXContainerItemProxy */;
		};
		84587DA520BA0F5D00E2AEE3 /* PBXTargetDependency */ = {
			isa = PBXTargetDependency;
			target = 84587D8320BA0F5C00E2AEE3 /* TestRealm */;
			targetProxy = 84587DA420BA0F5D00E2AEE3 /* PBXContainerItemProxy */;
		};
/* End PBXTargetDependency section */

/* Begin PBXVariantGroup section */
		84587D8B20BA0F5D00E2AEE3 /* Main.storyboard */ = {
			isa = PBXVariantGroup;
			children = (
				84587D8C20BA0F5D00E2AEE3 /* Base */,
			);
			name = Main.storyboard;
			sourceTree = "<group>";
		};
		84587D9020BA0F5D00E2AEE3 /* LaunchScreen.storyboard */ = {
			isa = PBXVariantGroup;
			children = (
				84587D9120BA0F5D00E2AEE3 /* Base */,
			);
			name = LaunchScreen.storyboard;
			sourceTree = "<group>";
		};
/* End PBXVariantGroup section */

/* Begin XCBuildConfiguration section */
		84587DAA20BA0F5D00E2AEE3 /* Debug */ = {
			isa = XCBuildConfiguration;
			buildSettings = {
				ALWAYS_SEARCH_USER_PATHS = NO;
				CLANG_ANALYZER_NONNULL = YES;
				CLANG_ANALYZER_NUMBER_OBJECT_CONVERSION = YES_AGGRESSIVE;
				CLANG_CXX_LANGUAGE_STANDARD = "gnu++14";
				CLANG_CXX_LIBRARY = "libc++";
				CLANG_ENABLE_MODULES = YES;
				CLANG_ENABLE_OBJC_ARC = YES;
				CLANG_ENABLE_OBJC_WEAK = YES;
				CLANG_WARN_BLOCK_CAPTURE_AUTORELEASING = YES;
				CLANG_WARN_BOOL_CONVERSION = YES;
				CLANG_WARN_COMMA = YES;
				CLANG_WARN_CONSTANT_CONVERSION = YES;
				CLANG_WARN_DEPRECATED_OBJC_IMPLEMENTATIONS = YES;
				CLANG_WARN_DIRECT_OBJC_ISA_USAGE = YES_ERROR;
				CLANG_WARN_DOCUMENTATION_COMMENTS = YES;
				CLANG_WARN_EMPTY_BODY = YES;
				CLANG_WARN_ENUM_CONVERSION = YES;
				CLANG_WARN_INFINITE_RECURSION = YES;
				CLANG_WARN_INT_CONVERSION = YES;
				CLANG_WARN_NON_LITERAL_NULL_CONVERSION = YES;
				CLANG_WARN_OBJC_IMPLICIT_RETAIN_SELF = YES;
				CLANG_WARN_OBJC_LITERAL_CONVERSION = YES;
				CLANG_WARN_OBJC_ROOT_CLASS = YES_ERROR;
				CLANG_WARN_RANGE_LOOP_ANALYSIS = YES;
				CLANG_WARN_STRICT_PROTOTYPES = YES;
				CLANG_WARN_SUSPICIOUS_MOVE = YES;
				CLANG_WARN_UNGUARDED_AVAILABILITY = YES_AGGRESSIVE;
				CLANG_WARN_UNREACHABLE_CODE = YES;
				CLANG_WARN__DUPLICATE_METHOD_MATCH = YES;
				CODE_SIGN_IDENTITY = "iPhone Developer";
				COPY_PHASE_STRIP = NO;
				DEBUG_INFORMATION_FORMAT = dwarf;
				ENABLE_STRICT_OBJC_MSGSEND = YES;
				ENABLE_TESTABILITY = YES;
				GCC_C_LANGUAGE_STANDARD = gnu11;
				GCC_DYNAMIC_NO_PIC = NO;
				GCC_NO_COMMON_BLOCKS = YES;
				GCC_OPTIMIZATION_LEVEL = 0;
				GCC_PREPROCESSOR_DEFINITIONS = (
					"DEBUG=1",
					"$(inherited)",
				);
				GCC_WARN_64_TO_32_BIT_CONVERSION = YES;
				GCC_WARN_ABOUT_RETURN_TYPE = YES_ERROR;
				GCC_WARN_UNDECLARED_SELECTOR = YES;
				GCC_WARN_UNINITIALIZED_AUTOS = YES_AGGRESSIVE;
				GCC_WARN_UNUSED_FUNCTION = YES;
				GCC_WARN_UNUSED_VARIABLE = YES;
				IPHONEOS_DEPLOYMENT_TARGET = 11.3;
				MTL_ENABLE_DEBUG_INFO = YES;
				ONLY_ACTIVE_ARCH = YES;
				SDKROOT = iphoneos;
				SWIFT_ACTIVE_COMPILATION_CONDITIONS = DEBUG;
				SWIFT_OPTIMIZATION_LEVEL = "-Onone";
			};
			name = Debug;
		};
		84587DAB20BA0F5D00E2AEE3 /* Release */ = {
			isa = XCBuildConfiguration;
			buildSettings = {
				ALWAYS_SEARCH_USER_PATHS = NO;
				CLANG_ANALYZER_NONNULL = YES;
				CLANG_ANALYZER_NUMBER_OBJECT_CONVERSION = YES_AGGRESSIVE;
				CLANG_CXX_LANGUAGE_STANDARD = "gnu++14";
				CLANG_CXX_LIBRARY = "libc++";
				CLANG_ENABLE_MODULES = YES;
				CLANG_ENABLE_OBJC_ARC = YES;
				CLANG_ENABLE_OBJC_WEAK = YES;
				CLANG_WARN_BLOCK_CAPTURE_AUTORELEASING = YES;
				CLANG_WARN_BOOL_CONVERSION = YES;
				CLANG_WARN_COMMA = YES;
				CLANG_WARN_CONSTANT_CONVERSION = YES;
				CLANG_WARN_DEPRECATED_OBJC_IMPLEMENTATIONS = YES;
				CLANG_WARN_DIRECT_OBJC_ISA_USAGE = YES_ERROR;
				CLANG_WARN_DOCUMENTATION_COMMENTS = YES;
				CLANG_WARN_EMPTY_BODY = YES;
				CLANG_WARN_ENUM_CONVERSION = YES;
				CLANG_WARN_INFINITE_RECURSION = YES;
				CLANG_WARN_INT_CONVERSION = YES;
				CLANG_WARN_NON_LITERAL_NULL_CONVERSION = YES;
				CLANG_WARN_OBJC_IMPLICIT_RETAIN_SELF = YES;
				CLANG_WARN_OBJC_LITERAL_CONVERSION = YES;
				CLANG_WARN_OBJC_ROOT_CLASS = YES_ERROR;
				CLANG_WARN_RANGE_LOOP_ANALYSIS = YES;
				CLANG_WARN_STRICT_PROTOTYPES = YES;
				CLANG_WARN_SUSPICIOUS_MOVE = YES;
				CLANG_WARN_UNGUARDED_AVAILABILITY = YES_AGGRESSIVE;
				CLANG_WARN_UNREACHABLE_CODE = YES;
				CLANG_WARN__DUPLICATE_METHOD_MATCH = YES;
				CODE_SIGN_IDENTITY = "iPhone Developer";
				COPY_PHASE_STRIP = NO;
				DEBUG_INFORMATION_FORMAT = "dwarf-with-dsym";
				ENABLE_NS_ASSERTIONS = NO;
				ENABLE_STRICT_OBJC_MSGSEND = YES;
				GCC_C_LANGUAGE_STANDARD = gnu11;
				GCC_NO_COMMON_BLOCKS = YES;
				GCC_WARN_64_TO_32_BIT_CONVERSION = YES;
				GCC_WARN_ABOUT_RETURN_TYPE = YES_ERROR;
				GCC_WARN_UNDECLARED_SELECTOR = YES;
				GCC_WARN_UNINITIALIZED_AUTOS = YES_AGGRESSIVE;
				GCC_WARN_UNUSED_FUNCTION = YES;
				GCC_WARN_UNUSED_VARIABLE = YES;
				IPHONEOS_DEPLOYMENT_TARGET = 11.3;
				MTL_ENABLE_DEBUG_INFO = NO;
				SDKROOT = iphoneos;
				SWIFT_COMPILATION_MODE = wholemodule;
				SWIFT_OPTIMIZATION_LEVEL = "-O";
				VALIDATE_PRODUCT = YES;
			};
			name = Release;
		};
		84587DAD20BA0F5D00E2AEE3 /* Debug */ = {
			isa = XCBuildConfiguration;
			buildSettings = {
				ASSETCATALOG_COMPILER_APPICON_NAME = AppIcon;
				CODE_SIGN_STYLE = Automatic;
				DEVELOPMENT_TEAM = FGVA47H7GM;
				INFOPLIST_FILE = TestRealm/Info.plist;
				LD_RUNPATH_SEARCH_PATHS = (
					"$(inherited)",
					"@executable_path/Frameworks",
				);
				PRODUCT_BUNDLE_IDENTIFIER = jp.ac.hal.taka.TestRealm;
				PRODUCT_NAME = "$(TARGET_NAME)";
				SWIFT_VERSION = 4.0;
				TARGETED_DEVICE_FAMILY = "1,2";
			};
			name = Debug;
		};
		84587DAE20BA0F5D00E2AEE3 /* Release */ = {
			isa = XCBuildConfiguration;
			buildSettings = {
				ASSETCATALOG_COMPILER_APPICON_NAME = AppIcon;
				CODE_SIGN_STYLE = Automatic;
				DEVELOPMENT_TEAM = FGVA47H7GM;
				INFOPLIST_FILE = TestRealm/Info.plist;
				LD_RUNPATH_SEARCH_PATHS = (
					"$(inherited)",
					"@executable_path/Frameworks",
				);
				PRODUCT_BUNDLE_IDENTIFIER = jp.ac.hal.taka.TestRealm;
				PRODUCT_NAME = "$(TARGET_NAME)";
				SWIFT_VERSION = 4.0;
				TARGETED_DEVICE_FAMILY = "1,2";
			};
			name = Release;
		};
		84587DB020BA0F5D00E2AEE3 /* Debug */ = {
			isa = XCBuildConfiguration;
			buildSettings = {
				ALWAYS_EMBED_SWIFT_STANDARD_LIBRARIES = YES;
				BUNDLE_LOADER = "$(TEST_HOST)";
				CODE_SIGN_STYLE = Automatic;
				DEVELOPMENT_TEAM = FGVA47H7GM;
				INFOPLIST_FILE = TestRealmTests/Info.plist;
				LD_RUNPATH_SEARCH_PATHS = (
					"$(inherited)",
					"@executable_path/Frameworks",
					"@loader_path/Frameworks",
				);
				PRODUCT_BUNDLE_IDENTIFIER = jp.ac.hal.taka.TestRealmTests;
				PRODUCT_NAME = "$(TARGET_NAME)";
				SWIFT_VERSION = 4.0;
				TARGETED_DEVICE_FAMILY = "1,2";
				TEST_HOST = "$(BUILT_PRODUCTS_DIR)/TestRealm.app/TestRealm";
			};
			name = Debug;
		};
		84587DB120BA0F5D00E2AEE3 /* Release */ = {
			isa = XCBuildConfiguration;
			buildSettings = {
				ALWAYS_EMBED_SWIFT_STANDARD_LIBRARIES = YES;
				BUNDLE_LOADER = "$(TEST_HOST)";
				CODE_SIGN_STYLE = Automatic;
				DEVELOPMENT_TEAM = FGVA47H7GM;
				INFOPLIST_FILE = TestRealmTests/Info.plist;
				LD_RUNPATH_SEARCH_PATHS = (
					"$(inherited)",
					"@executable_path/Frameworks",
					"@loader_path/Frameworks",
				);
				PRODUCT_BUNDLE_IDENTIFIER = jp.ac.hal.taka.TestRealmTests;
				PRODUCT_NAME = "$(TARGET_NAME)";
				SWIFT_VERSION = 4.0;
				TARGETED_DEVICE_FAMILY = "1,2";
				TEST_HOST = "$(BUILT_PRODUCTS_DIR)/TestRealm.app/TestRealm";
			};
			name = Release;
		};
		84587DB320BA0F5D00E2AEE3 /* Debug */ = {
			isa = XCBuildConfiguration;
			buildSettings = {
				ALWAYS_EMBED_SWIFT_STANDARD_LIBRARIES = YES;
				CODE_SIGN_STYLE = Automatic;
				DEVELOPMENT_TEAM = FGVA47H7GM;
				INFOPLIST_FILE = TestRealmUITests/Info.plist;
				LD_RUNPATH_SEARCH_PATHS = (
					"$(inherited)",
					"@executable_path/Frameworks",
					"@loader_path/Frameworks",
				);
				PRODUCT_BUNDLE_IDENTIFIER = jp.ac.hal.taka.TestRealmUITests;
				PRODUCT_NAME = "$(TARGET_NAME)";
				SWIFT_VERSION = 4.0;
				TARGETED_DEVICE_FAMILY = "1,2";
				TEST_TARGET_NAME = TestRealm;
			};
			name = Debug;
		};
		84587DB420BA0F5D00E2AEE3 /* Release */ = {
			isa = XCBuildConfiguration;
			buildSettings = {
				ALWAYS_EMBED_SWIFT_STANDARD_LIBRARIES = YES;
				CODE_SIGN_STYLE = Automatic;
				DEVELOPMENT_TEAM = FGVA47H7GM;
				INFOPLIST_FILE = TestRealmUITests/Info.plist;
				LD_RUNPATH_SEARCH_PATHS = (
					"$(inherited)",
					"@executable_path/Frameworks",
					"@loader_path/Frameworks",
				);
				PRODUCT_BUNDLE_IDENTIFIER = jp.ac.hal.taka.TestRealmUITests;
				PRODUCT_NAME = "$(TARGET_NAME)";
				SWIFT_VERSION = 4.0;
				TARGETED_DEVICE_FAMILY = "1,2";
				TEST_TARGET_NAME = TestRealm;
			};
			name = Release;
		};
/* End XCBuildConfiguration section */

/* Begin XCConfigurationList section */
		84587D7F20BA0F5C00E2AEE3 /* Build configuration list for PBXProject "TestRealm" */ = {
			isa = XCConfigurationList;
			buildConfigurations = (
				84587DAA20BA0F5D00E2AEE3 /* Debug */,
				84587DAB20BA0F5D00E2AEE3 /* Release */,
			);
			defaultConfigurationIsVisible = 0;
			defaultConfigurationName = Release;
		};
		84587DAC20BA0F5D00E2AEE3 /* Build configuration list for PBXNativeTarget "TestRealm" */ = {
			isa = XCConfigurationList;
			buildConfigurations = (
				84587DAD20BA0F5D00E2AEE3 /* Debug */,
				84587DAE20BA0F5D00E2AEE3 /* Release */,
			);
			defaultConfigurationIsVisible = 0;
			defaultConfigurationName = Release;
		};
		84587DAF20BA0F5D00E2AEE3 /* Build configuration list for PBXNativeTarget "TestRealmTests" */ = {
			isa = XCConfigurationList;
			buildConfigurations = (
				84587DB020BA0F5D00E2AEE3 /* Debug */,
				84587DB120BA0F5D00E2AEE3 /* Release */,
			);
			defaultConfigurationIsVisible = 0;
			defaultConfigurationName = Release;
		};
		84587DB220BA0F5D00E2AEE3 /* Build configuration list for PBXNativeTarget "TestRealmUITests" */ = {
			isa = XCConfigurationList;
			buildConfigurations = (
				84587DB320BA0F5D00E2AEE3 /* Debug */,
				84587DB420BA0F5D00E2AEE3 /* Release */,
			);
			defaultConfigurationIsVisible = 0;
			defaultConfigurationName = Release;
		};
/* End XCConfigurationList section */
	};
	rootObject = 84587D7C20BA0F5C00E2AEE3 /* Project object */;
}
